Microsoft Visual Studio Solution File, Format Version 12.00
# Visual Studio 14
VisualStudioVersion = 14.0.24720.0
MinimumVisualStudioVersion = 10.0.40219.1
Project("{2150E333-8FDC-42A3-9474-1A3956D46DE8}") = "Assets", "Assets", "{2EC480A8-BA7F-46D7-9BAB-0B1684A868F1}"
	ProjectSection(SolutionItems) = preProject
		nuget.config = nuget.config
		README.md = README.md
	EndProjectSection
EndProject
Project("{FAE04EC0-301F-11D3-BF4B-00C04F79EFBC}") = "NLog.StructuredAwsLogs", "src\NLog.StructuredAwsLogs\NLog.StructuredAwsLogs.csproj", "{34ACDBE5-8B6C-4432-86AA-9D8567CDC2B6}"
EndProject
Global
	GlobalSection(SolutionConfigurationPlatforms) = preSolution
		Debug|Any CPU = Debug|Any CPU
		Release|Any CPU = Release|Any CPU
	EndGlobalSection
	GlobalSection(ProjectConfigurationPlatforms) = postSolution
		{34ACDBE5-8B6C-4432-86AA-9D8567CDC2B6}.Debug|Any CPU.ActiveCfg = Debug|Any CPU
		{34ACDBE5-8B6C-4432-86AA-9D8567CDC2B6}.Debug|Any CPU.Build.0 = Debug|Any CPU
		{34ACDBE5-8B6C-4432-86AA-9D8567CDC2B6}.Release|Any CPU.ActiveCfg = Release|Any CPU
		{34ACDBE5-8B6C-4432-86AA-9D8567CDC2B6}.Release|Any CPU.Build.0 = Release|Any CPU
	EndGlobalSection
	GlobalSection(SolutionProperties) = preSolution
		HideSolutionNode = FALSE
	EndGlobalSection
EndGlobal
